
Microsoft Visual Studio Solution File, Format Version 12.00
Project("{2150E333-8FDC-42A3-9474-1A3956D46DE8}") = "Core", "Core", "{51928ABE-3514-4508-91A1-53D6381A318B}"
EndProject
Project("{2150E333-8FDC-42A3-9474-1A3956D46DE8}") = "DAL", "DAL", "{40FB345C-7544-434D-9A34-2A701E305A50}"
EndProject
Project("{2150E333-8FDC-42A3-9474-1A3956D46DE8}") = "Tests", "Tests", "{B8CF40D5-6463-4A70-A22A-3317D34A0742}"
EndProject
Project("{FAE04EC0-301F-11D3-BF4B-00C04F79EFBC}") = "DataImport.Core.Domain", "DataImport.Core.Domain\DataImport.Core.Domain.csproj", "{F8B1BE8A-861A-4298-BDCE-A2405D5293D0}"
EndProject
Project("{FAE04EC0-301F-11D3-BF4B-00C04F79EFBC}") = "DataImport.Storage.DAL", "DataImport.Storage.DAL\DataImport.Storage.DAL.csproj", "{A2959C76-08BC-4106-9D27-8C95D55553F6}"
EndProject
Project("{FAE04EC0-301F-11D3-BF4B-00C04F79EFBC}") = "DataImport.Storage.Migrations", "DataImport.Storage.Migrations\DataImport.Storage.Migrations.csproj", "{0CEBF6F8-C229-459A-8E75-62D805FFFED8}"
EndProject
Project("{FAE04EC0-301F-11D3-BF4B-00C04F79EFBC}") = "DataImport.Storage.Core", "DataImport.Storage.Core\DataImport.Storage.Core.csproj", "{96CDCAB4-203F-4B5A-B92F-41298661E09A}"
EndProject
Project("{2150E333-8FDC-42A3-9474-1A3956D46DE8}") = "Worker", "Worker", "{664B2175-CCB6-4844-90BB-0BA5B1DDFB76}"
EndProject
Project("{FAE04EC0-301F-11D3-BF4B-00C04F79EFBC}") = "DataImport.Email.Worker", "DataImport.Email.Worker\DataImport.Email.Worker.csproj", "{00F353C2-3B2E-4261-8221-45B86F4807DC}"
EndProject
Project("{FAE04EC0-301F-11D3-BF4B-00C04F79EFBC}") = "DataImport.Url.Worker", "DataImport.Url.Worker\DataImport.Url.Worker.csproj", "{B87BF90F-2675-4595-B8F0-5F5E5E15AFFE}"
EndProject
Project("{2150E333-8FDC-42A3-9474-1A3956D46DE8}") = "Infrastructure", "Infrastructure", "{DC35AE12-DCEC-4CED-BE4E-247359CCE850}"
EndProject
Project("{FAE04EC0-301F-11D3-BF4B-00C04F79EFBC}") = "DataImport.Infrastructure.Services", "DataImport.Infrastructure.Services\DataImport.Infrastructure.Services.csproj", "{58F25EC2-FC90-4D62-8D18-F1F83B8101EC}"
EndProject
Project("{FAE04EC0-301F-11D3-BF4B-00C04F79EFBC}") = "DataImport.Core.Services", "DataImport.Core.Services\DataImport.Core.Services.csproj", "{2442264F-1E82-4300-BBAD-175E8B67DB92}"
EndProject
Project("{2150E333-8FDC-42A3-9474-1A3956D46DE8}") = "Shared", "Shared", "{7FE7D982-7D82-42DD-AECA-DF6246209AF4}"
EndProject
Project("{FAE04EC0-301F-11D3-BF4B-00C04F79EFBC}") = "DataImport.Common", "DataImport.Common\DataImport.Common.csproj", "{B7F09583-AFBC-4F4E-BFAB-1918DB44FE05}"
EndProject
Project("{FAE04EC0-301F-11D3-BF4B-00C04F79EFBC}") = "DataImport.Test.Unit", "DataImport.Test.Unit\DataImport.Test.Unit.csproj", "{75A5EE56-B07C-42D7-9E52-3102D3654D8A}"
EndProject
Global
	GlobalSection(SolutionConfigurationPlatforms) = preSolution
		Debug|Any CPU = Debug|Any CPU
		Release|Any CPU = Release|Any CPU
	EndGlobalSection
	GlobalSection(NestedProjects) = preSolution
		{F8B1BE8A-861A-4298-BDCE-A2405D5293D0} = {51928ABE-3514-4508-91A1-53D6381A318B}
		{A2959C76-08BC-4106-9D27-8C95D55553F6} = {40FB345C-7544-434D-9A34-2A701E305A50}
		{0CEBF6F8-C229-459A-8E75-62D805FFFED8} = {40FB345C-7544-434D-9A34-2A701E305A50}
		{96CDCAB4-203F-4B5A-B92F-41298661E09A} = {40FB345C-7544-434D-9A34-2A701E305A50}
		{00F353C2-3B2E-4261-8221-45B86F4807DC} = {664B2175-CCB6-4844-90BB-0BA5B1DDFB76}
		{B87BF90F-2675-4595-B8F0-5F5E5E15AFFE} = {664B2175-CCB6-4844-90BB-0BA5B1DDFB76}
		{58F25EC2-FC90-4D62-8D18-F1F83B8101EC} = {DC35AE12-DCEC-4CED-BE4E-247359CCE850}
		{2442264F-1E82-4300-BBAD-175E8B67DB92} = {51928ABE-3514-4508-91A1-53D6381A318B}
		{B7F09583-AFBC-4F4E-BFAB-1918DB44FE05} = {7FE7D982-7D82-42DD-AECA-DF6246209AF4}
		{75A5EE56-B07C-42D7-9E52-3102D3654D8A} = {B8CF40D5-6463-4A70-A22A-3317D34A0742}
	EndGlobalSection
	GlobalSection(ProjectConfigurationPlatforms) = postSolution
		{F8B1BE8A-861A-4298-BDCE-A2405D5293D0}.Debug|Any CPU.ActiveCfg = Debug|Any CPU
		{F8B1BE8A-861A-4298-BDCE-A2405D5293D0}.Debug|Any CPU.Build.0 = Debug|Any CPU
		{F8B1BE8A-861A-4298-BDCE-A2405D5293D0}.Release|Any CPU.ActiveCfg = Release|Any CPU
		{F8B1BE8A-861A-4298-BDCE-A2405D5293D0}.Release|Any CPU.Build.0 = Release|Any CPU
		{A2959C76-08BC-4106-9D27-8C95D55553F6}.Debug|Any CPU.ActiveCfg = Debug|Any CPU
		{A2959C76-08BC-4106-9D27-8C95D55553F6}.Debug|Any CPU.Build.0 = Debug|Any CPU
		{A2959C76-08BC-4106-9D27-8C95D55553F6}.Release|Any CPU.ActiveCfg = Release|Any CPU
		{A2959C76-08BC-4106-9D27-8C95D55553F6}.Release|Any CPU.Build.0 = Release|Any CPU
		{0CEBF6F8-C229-459A-8E75-62D805FFFED8}.Debug|Any CPU.ActiveCfg = Debug|Any CPU
		{0CEBF6F8-C229-459A-8E75-62D805FFFED8}.Debug|Any CPU.Build.0 = Debug|Any CPU
		{0CEBF6F8-C229-459A-8E75-62D805FFFED8}.Release|Any CPU.ActiveCfg = Release|Any CPU
		{0CEBF6F8-C229-459A-8E75-62D805FFFED8}.Release|Any CPU.Build.0 = Release|Any CPU
		{96CDCAB4-203F-4B5A-B92F-41298661E09A}.Debug|Any CPU.ActiveCfg = Debug|Any CPU
		{96CDCAB4-203F-4B5A-B92F-41298661E09A}.Debug|Any CPU.Build.0 = Debug|Any CPU
		{96CDCAB4-203F-4B5A-B92F-41298661E09A}.Release|Any CPU.ActiveCfg = Release|Any CPU
		{96CDCAB4-203F-4B5A-B92F-41298661E09A}.Release|Any CPU.Build.0 = Release|Any CPU
		{00F353C2-3B2E-4261-8221-45B86F4807DC}.Debug|Any CPU.ActiveCfg = Debug|Any CPU
		{00F353C2-3B2E-4261-8221-45B86F4807DC}.Debug|Any CPU.Build.0 = Debug|Any CPU
		{00F353C2-3B2E-4261-8221-45B86F4807DC}.Release|Any CPU.ActiveCfg = Release|Any CPU
		{00F353C2-3B2E-4261-8221-45B86F4807DC}.Release|Any CPU.Build.0 = Release|Any CPU
		{B87BF90F-2675-4595-B8F0-5F5E5E15AFFE}.Debug|Any CPU.ActiveCfg = Debug|Any CPU
		{B87BF90F-2675-4595-B8F0-5F5E5E15AFFE}.Debug|Any CPU.Build.0 = Debug|Any CPU
		{B87BF90F-2675-4595-B8F0-5F5E5E15AFFE}.Release|Any CPU.ActiveCfg = Release|Any CPU
		{B87BF90F-2675-4595-B8F0-5F5E5E15AFFE}.Release|Any CPU.Build.0 = Release|Any CPU
		{58F25EC2-FC90-4D62-8D18-F1F83B8101EC}.Debug|Any CPU.ActiveCfg = Debug|Any CPU
		{58F25EC2-FC90-4D62-8D18-F1F83B8101EC}.Debug|Any CPU.Build.0 = Debug|Any CPU
		{58F25EC2-FC90-4D62-8D18-F1F83B8101EC}.Release|Any CPU.ActiveCfg = Release|Any CPU
		{58F25EC2-FC90-4D62-8D18-F1F83B8101EC}.Release|Any CPU.Build.0 = Release|Any CPU
		{2442264F-1E82-4300-BBAD-175E8B67DB92}.Debug|Any CPU.ActiveCfg = Debug|Any CPU
		{2442264F-1E82-4300-BBAD-175E8B67DB92}.Debug|Any CPU.Build.0 = Debug|Any CPU
		{2442264F-1E82-4300-BBAD-175E8B67DB92}.Release|Any CPU.ActiveCfg = Release|Any CPU
		{2442264F-1E82-4300-BBAD-175E8B67DB92}.Release|Any CPU.Build.0 = Release|Any CPU
		{B7F09583-AFBC-4F4E-BFAB-1918DB44FE05}.Debug|Any CPU.ActiveCfg = Debug|Any CPU
		{B7F09583-AFBC-4F4E-BFAB-1918DB44FE05}.Debug|Any CPU.Build.0 = Debug|Any CPU
		{B7F09583-AFBC-4F4E-BFAB-1918DB44FE05}.Release|Any CPU.ActiveCfg = Release|Any CPU
		{B7F09583-AFBC-4F4E-BFAB-1918DB44FE05}.Release|Any CPU.Build.0 = Release|Any CPU
		{75A5EE56-B07C-42D7-9E52-3102D3654D8A}.Debug|Any CPU.ActiveCfg = Debug|Any CPU
		{75A5EE56-B07C-42D7-9E52-3102D3654D8A}.Debug|Any CPU.Build.0 = Debug|Any CPU
		{75A5EE56-B07C-42D7-9E52-3102D3654D8A}.Release|Any CPU.ActiveCfg = Release|Any CPU
		{75A5EE56-B07C-42D7-9E52-3102D3654D8A}.Release|Any CPU.Build.0 = Release|Any CPU
	EndGlobalSection
EndGlobal
